filippo.io/edwards25519 v1.1.0 h1:FNf4tywRC1HmFuKW5xopWpigGjJKiJSV0Cqo0cJWDaA=
filippo.io/edwards25519 v1.1.0/go.mod h1:BxyFTGdWcka3PhytdK4V28tE5sGfRvvvRV7EaN4VDT4=
github.com/DATA-DOG/go-sqlmock v1.5.2 h1:OcvFkGmslmlZibjAjaHm3L//6LiuBgolP7OputlJIzU=
github.com/DATA-DOG/go-sqlmock v1.5.2/go.mod h1:88MAG/4G7SMwSE3CeA0ZKzrT5CiOU3OJ+JlNzwDqpNU=
github.com/WinterYukky/gorm-extra-clause-plugin v0.4.0 h1:e4gYsN9tNzoBMYKYBaGwwZpSljJhW231+1cBlYwv8YQ=
github.com/WinterYukky/gorm-extra-clause-plugin v0.4.0/go.mod h1:jNWq8AymgsVev9Kq6mke0b3o3yzY6bTSwjMDfTvZPPM=
github.com/davecgh/go-spew v1.1.1 h1:vj9j/u1bqnvCEfJOwUhtlOARqs3+rkHYY13jYWTU97c=
github.com/davecgh/go-spew v1.1.1/go.mod h1:J7Y8YcW2NihsgmVo/mv3lAwl/skON4iLHjSsI+c5H38=
github.com/go-app-blazar/blazar v0.1.14 h1:HlxSyP+Ab3jDGewzlQuWVo4iM84OgC66PVbPrsga8k8=
github.com/go-app-blazar/blazar v0.1.14/go.mod h1:+OHNoKNZ0mTtO8Zl6odflQgOGwRCdPt1sqf0+svqh1s=
github.com/go-app-blazar/router v0.1.0 h1:2uRiN5HV9qTaoyw8zOtmPtU3BqnL6Tnrwh8a4csChxM=
github.com/go-app-blazar/router v0.1.0/go.mod h1:yY7DcUn3ToFdcNAGeyx0v8LjikiTu3WJ1XkQiEIlJRY=
github.com/go-sql-driver/mysql v1.8.1 h1:LedoTUt/eveggdHS9qUFC1EFSa8bU2+1pZjSRpvNJ1Y=
github.com/go-sql-driver/mysql v1.8.1/go.mod h1:wEBSXgmK//2ZFJyE+qWnIsVGmvmEKlqwuVSjsCm7DZg=
github.com/google/uuid v1.6.0 h1:NIvaJDMOsjHA8n1jAhLSgzrAzy1Hgr+hNrb57e+94F0=
github.com/google/uuid v1.6.0/go.mod h1:TIyPZe4MgqvfeYDBFedMoGGpEw/LqOeaOT+nhxU+yHo=
github.com/jinzhu/inflection v1.0.0 h1:K317FqzuhWc8YvSVlFMCCUb36O/S9MCKRDI7QkRKD/E=
github.com/jinzhu/inflection v1.0.0/go.mod h1:h+uFLlag+Qp1Va5pdKtLDYj+kHp5pxUVkryuEj+Srlc=
github.com/jinzhu/now v1.1.5 h1:/o9tlHleP7gOFmsnYNz3RGnqzefHA47wQpKrrdTIwXQ=
github.com/jinzhu/now v1.1.5/go.mod h1:d3SSVoowX0Lcu0IBviAWJpolVfI5UJVZZ7cO71lE/z8=
github.com/joho/godotenv v1.5.1 h1:7eLL/+HRGLY0ldzfGMeQkb7vMd0as4CfYvUVzLqw0N0=
github.com/joho/godotenv v1.5.1/go.mod h1:f4LDr5Voq0i2e/R5DDNOoa2zzDfwtkZa6DnEwAbqwq4=
github.com/lmittmann/tint v1.1.3 h1:Hv4EaHWXQr+GTFnOU4VKf8UvAtZgn0VuKT+G0wFlO3I=
github.com/lmittmann/tint v1.1.3/go.mod h1:HIS3gSy7qNwGCj+5oRjAutErFBl4BzdQP6cJZ0NfMwE=
github.com/mattn/go-isatty v0.0.22 h1:j8l17JJ9i6VGPUFUYoTUKPSgKe/83EYU2zBC7YNKMw4=
github.com/mattn/go-isatty v0.0.22/go.mod h1:ZXfXG4SQHsB/w3ZeOYbR0PrPwLy+n6xiMrJlRFqopa4=
github.com/ncruces/go-sqlite3 v0.34.0 h1:q2I6wHTLWIoz6ehYkKdG5dGQc66eJv7ZGnekhvuMfK8=
github.com/ncruces/go-sqlite3 v0.34.0/go.mod h1:qpBxsSdGPnO9K5OExuv5GEsrGQ7Rk6JsJFH6wn2DwwU=
github.com/ncruces/go-sqlite3-wasm/v2 v2.1.35300 h1:cRdxCt3BDfMu0vfSdoqaAPD+dzIXPkGREjqyZMLN2Ak=
github.com/ncruces/go-sqlite3-wasm/v2 v2.1.35300/go.mod h1:R2kJLPoSA/GBX/b8x7zwOq/KLAw6rLMY1l3Hi76SQIo=
github.com/ncruces/go-sqlite3/gormlite v0.34.0 h1:QLlOy/i7OabsFUQ+d5KyXmq2hw9sMh/CRW435+eQMRY=
github.com/ncruces/go-sqlite3/gormlite v0.34.0/go.mod h1:CMv+6YhqLmPBXYACiQtrWA0q/JLIMTKB4E65SUfLgF0=
github.com/ncruces/julianday v1.0.0 h1:fH0OKwa7NWvniGQtxdJRxAgkBMolni2BjDHaWTxqt7M=
github.com/ncruces/julianday v1.0.0/go.mod h1:Dusn2KvZrrovOMJuOt0TNXL6tB7U2E8kvza5fFc9G7g=
github.com/pmezard/go-difflib v1.0.0 h1:4DBwDE0NGyQoBHbLQYPwSUPoCMWR5BEzIk/f1lZbAQM=
github.com/pmezard/go-difflib v1.0.0/go.mod h1:iKH77koFhYxTK1pcRnkKkqfTogsbg7gZNVY4sRDYZ/4=
github.com/stretchr/testify v1.11.1 h1:7s2iGBzp5EwR7/aIZr8ao5+dra3wiQyKjjFuvgVKu7U=
github.com/stretchr/testify v1.11.1/go.mod h1:wZwfW3scLgRK+23gO65QZefKpKQRnfz6sD981Nm4B6U=
github.com/tekkamanendless/fork-of-maxence-charriere-go-app/v11 v11.0.0-20260624062618-c2f3e531f36d h1:Dd/ER4ty52bLOcYC+zOK0N6EakLudySILbsHZT+ae88=
github.com/tekkamanendless/fork-of-maxence-charriere-go-app/v11 v11.0.0-20260624062618-c2f3e531f36d/go.mod h1:03mGNjBIo1LJq9VGPxOcmBFAv/sNL2GIF5LxCV3BRgA=
github.com/tekkamanendless/gormslog v0.1.1 h1:dxZxgp8eAEjYmsZkfkiwAeQagjsADM+ULXYwb+QzNgk=
github.com/tekkamanendless/gormslog v0.1.1/go.mod h1:WgcjRHJx2jt10rbUM8iBRuF+k1raKK+JK1uRtCJ/nuE=
golang.org/x/sys v0.45.0 h1:dO4czNzziLiiXplLQgBCEpCvXQ3dnkn0SdaZSYdQ+FY=
golang.org/x/sys v0.45.0/go.mod h1:4GL1E5IUh+htKOUEOaiffhrAeqysfVGipDYzABqnCmw=
golang.org/x/text v0.38.0 h1:sXmwo9DwP3OK9EZ7PqAdaooSGozfl/3a6/xJcbzPRhE=
golang.org/x/text v0.38.0/go.mod h1:YXZt3QhHUKYT53r2lLKFIVi6Ao1jdzrTR/KQ09qyxF4=
gopkg.in/yaml.v3 v3.0.1 h1:fxVm/GzAzEWqLHuvctI91KS9hhNmmWOoWu0XTYJS7CA=
gopkg.in/yaml.v3 v3.0.1/go.mod h1:K4uyk7z7BCEPqu6E+C64Yfv1cQ7kz7rIZviUmN+EgEM=
gorm.io/driver/mysql v1.6.0 h1:eNbLmNTpPpTOVZi8MMxCi2aaIm0ZpInbORNXDwyLGvg=
gorm.io/driver/mysql v1.6.0/go.mod h1:D/oCC2GWK3M/dqoLxnOlaNKmXz8WNTfcS9y5ovaSqKo=
gorm.io/gorm v1.31.1 h1:7CA8FTFz/gRfgqgpeKIBcervUn3xSyPUmr6B2WXJ7kg=
gorm.io/gorm v1.31.1/go.mod h1:XyQVbO2k6YkOis7C2437jSit3SsDK72s7n7rsSHd+Gs=
